
Microsoft Visual Studio Solution File, Format Version 12.00
# Visual Studio Version 17
VisualStudioVersion = 17.6.33723.286
MinimumVisualStudioVersion = 10.0.40219.1
Project("{9A19103F-16F7-4668-BE54-9A1E7A4F7556}") = "Cipher_Safe_Bank", "Cipher_Safe_Bank\Cipher_Safe_Bank.csproj", "{55E351BB-B256-4FCC-B2F5-77848D790451}"
EndProject
Project("{E53339B2-1760-4266-BCC7-CA923CBCF16C}") = "docker-compose", "docker-compose.dcproj", "{119806E1-DB67-4F53-97F8-32F3F051A06C}"
EndProject
Global
	GlobalSection(SolutionConfigurationPlatforms) = preSolution
		Debug|Any CPU = Debug|Any CPU
		Release|Any CPU = Release|Any CPU
	EndGlobalSection
	GlobalSection(ProjectConfigurationPlatforms) = postSolution
		{55E351BB-B256-4FCC-B2F5-77848D790451}.Debug|Any CPU.ActiveCfg = Debug|Any CPU
		{55E351BB-B256-4FCC-B2F5-77848D790451}.Debug|Any CPU.Build.0 = Debug|Any CPU
		{55E351BB-B256-4FCC-B2F5-77848D790451}.Release|Any CPU.ActiveCfg = Release|Any CPU
		{55E351BB-B256-4FCC-B2F5-77848D790451}.Release|Any CPU.Build.0 = Release|Any CPU
		{119806E1-DB67-4F53-97F8-32F3F051A06C}.Debug|Any CPU.ActiveCfg = Debug|Any CPU
		{119806E1-DB67-4F53-97F8-32F3F051A06C}.Debug|Any CPU.Build.0 = Debug|Any CPU
		{119806E1-DB67-4F53-97F8-32F3F051A06C}.Release|Any CPU.ActiveCfg = Release|Any CPU
		{119806E1-DB67-4F53-97F8-32F3F051A06C}.Release|Any CPU.Build.0 = Release|Any CPU
	EndGlobalSection
	GlobalSection(SolutionProperties) = preSolution
		HideSolutionNode = FALSE
	EndGlobalSection
	GlobalSection(ExtensibilityGlobals) = postSolution
		SolutionGuid = {4C86147E-67A4-4F8A-8875-7E0A51B1EA7D}
	EndGlobalSection
EndGlobal
